
Microsoft Visual Studio Solution File, Format Version 12.00
# Visual Studio 15
VisualStudioVersion = 15.0.27703.2018
MinimumVisualStudioVersion = 10.0.40219.1
Project("{FAE04EC0-301F-11D3-BF4B-00C04F79EFBC}") = "AuthAPI", "AuthAPI\AuthAPI.csproj", "{A90DBB8F-8F3F-4E6C-9F20-2733918C9CAA}"
EndProject
Global
	GlobalSection(SolutionConfigurationPlatforms) = preSolution
		Debug|Any CPU = Debug|Any CPU
		Release|Any CPU = Release|Any CPU
	EndGlobalSection
	GlobalSection(ProjectConfigurationPlatforms) = postSolution
		{A90DBB8F-8F3F-4E6C-9F20-2733918C9CAA}.Debug|Any CPU.ActiveCfg = Debug|Any CPU
		{A90DBB8F-8F3F-4E6C-9F20-2733918C9CAA}.Debug|Any CPU.Build.0 = Debug|Any CPU
		{A90DBB8F-8F3F-4E6C-9F20-2733918C9CAA}.Release|Any CPU.ActiveCfg = Release|Any CPU
		{A90DBB8F-8F3F-4E6C-9F20-2733918C9CAA}.Release|Any CPU.Build.0 = Release|Any CPU
	EndGlobalSection
	GlobalSection(SolutionProperties) = preSolution
		HideSolutionNode = FALSE
	EndGlobalSection
	GlobalSection(ExtensibilityGlobals) = postSolution
		SolutionGuid = {B7AAB6EB-F68F-44FB-9201-EC9457D02C37}
	EndGlobalSection
EndGlobal
